// !$*UTF8*$!
{
	archiveVersion = 1;
	classes = {
	};
	objectVersion = 46;
	objects = {

/* Begin PBXBuildFile section */
		8CDB6D641F0425BF00D5C960 /* ISEmojiView.swift in Sources */ = {isa = PBXBuildFile; fileRef = 8CDB6D611F0425BF00D5C960 /* ISEmojiView.swift */; };
		8CDB6D651F0425BF00D5C960 /* RNEmojiKeyboardBridge.m in Sources */ = {isa = PBXBuildFile; fileRef = 8CDB6D621F0425BF00D5C960 /* RNEmojiKeyboardBridge.m */; };
		8CDB6D661F0425BF00D5C960 /* RNEmojiKeyboardManager.swift in Sources */ = {isa = PBXBuildFile; fileRef = 8CDB6D631F0425BF00D5C960 /* RNEmojiKeyboardManager.swift */; };
/* End PBXBuildFile section */

/* Begin PBXCopyFilesBuildPhase section */
		8CDB6D4F1F04252A00D5C960 /* CopyFiles */ = {
			isa = PBXCopyFilesBuildPhase;
			buildActionMask = 2147483647;
			dstPath = "include/$(PRODUCT_NAME)";
			dstSubfolderSpec = 16;
			files = (
			);
			runOnlyForDeploymentPostprocessing = 0;
		};
/* End PBXCopyFilesBuildPhase section */

/* Begin PBXFileReference section */
		8CDB6D511F04252A00D5C960 /* libEmojiKeyboard.a */ = {isa = PBXFileReference; explicitFileType = archive.ar; includeInIndex = 0; path = libEmojiKeyboard.a; sourceTree = BUILT_PRODUCTS_DIR; };
		8CDB6D5D1F0425BF00D5C960 /* EmojiKeyboard-Bridging-Header.h */ = {isa = PBXFileReference; lastKnownFileType = sourcecode.c.h; path = "EmojiKeyboard-Bridging-Header.h"; sourceTree = "<group>"; };
		8CDB6D5F1F0425BF00D5C960 /* Info.plist */ = {isa = PBXFileReference; fileEncoding = 4; lastKnownFileType = text.plist.xml; path = Info.plist; sourceTree = "<group>"; };
		8CDB6D601F0425BF00D5C960 /* ISEmojiList.plist */ = {isa = PBXFileReference; fileEncoding = 4; lastKnownFileType = text.plist.xml; path = ISEmojiList.plist; sourceTree = "<group>"; };
		8CDB6D611F0425BF00D5C960 /* ISEmojiView.swift */ = {isa = PBXFileReference; fileEncoding = 4; lastKnownFileType = sourcecode.swift; path = ISEmojiView.swift; sourceTree = "<group>"; };
		8CDB6D621F0425BF00D5C960 /* RNEmojiKeyboardBridge.m */ = {isa = PBXFileReference; fileEncoding = 4; lastKnownFileType = sourcecode.c.objc; path = RNEmojiKeyboardBridge.m; sourceTree = "<group>"; };
		8CDB6D631F0425BF00D5C960 /* RNEmojiKeyboardManager.swift */ = {isa = PBXFileReference; fileEncoding = 4; lastKnownFileType = sourcecode.swift; path = RNEmojiKeyboardManager.swift; sourceTree = "<group>"; };
/* End PBXFileReference section */

/* Begin PBXFrameworksBuildPhase section */
		8CDB6D4E1F04252A00D5C960 /* Frameworks */ = {
			isa = PBXFrameworksBuildPhase;
			buildActionMask = 2147483647;
			files = (
			);
			runOnlyForDeploymentPostprocessing = 0;
		};
/* End PBXFrameworksBuildPhase section */

/* Begin PBXGroup section */
		8CDB6D481F04252A00D5C960 = {
			isa = PBXGroup;
			children = (
				8CDB6D531F04252A00D5C960 /* EmojiKeyboard */,
				8CDB6D521F04252A00D5C960 /* Products */,
			);
			sourceTree = "<group>";
		};
		8CDB6D521F04252A00D5C960 /* Products */ = {
			isa = PBXGroup;
			children = (
				8CDB6D511F04252A00D5C960 /* libEmojiKeyboard.a */,
			);
			name = Products;
			sourceTree = "<group>";
		};
		8CDB6D531F04252A00D5C960 /* EmojiKeyboard */ = {
			isa = PBXGroup;
			children = (
				8CDB6D5F1F0425BF00D5C960 /* Info.plist */,
				8CDB6D601F0425BF00D5C960 /* ISEmojiList.plist */,
				8CDB6D611F0425BF00D5C960 /* ISEmojiView.swift */,
				8CDB6D621F0425BF00D5C960 /* RNEmojiKeyboardBridge.m */,
				8CDB6D631F0425BF00D5C960 /* RNEmojiKeyboardManager.swift */,
				8CDB6D5D1F0425BF00D5C960 /* EmojiKeyboard-Bridging-Header.h */,
			);
			path = EmojiKeyboard;
			sourceTree = "<group>";
		};
/* End PBXGroup section */

/* Begin PBXNativeTarget section */
		8CDB6D501F04252A00D5C960 /* EmojiKeyboard */ = {
			isa = PBXNativeTarget;
			buildConfigurationList = 8CDB6D5A1F04252A00D5C960 /* Build configuration list for PBXNativeTarget "EmojiKeyboard" */;
			buildPhases = (
				8CDB6D4D1F04252A00D5C960 /* Sources */,
				8CDB6D4E1F04252A00D5C960 /* Frameworks */,
				8CDB6D4F1F04252A00D5C960 /* CopyFiles */,
			);
			buildRules = (
			);
			dependencies = (
			);
			name = EmojiKeyboard;
			productName = EmojiKeyboard;
			productReference = 8CDB6D511F04252A00D5C960 /* libEmojiKeyboard.a */;
			productType = "com.apple.product-type.library.static";
		};
/* End PBXNativeTarget section */

/* Begin PBXProject section */
		8CDB6D491F04252A00D5C960 /* Project object */ = {
			isa = PBXProject;
			attributes = {
				LastUpgradeCheck = 0830;
				ORGANIZATIONNAME = "Brendan Rius";
				TargetAttributes = {
					8CDB6D501F04252A00D5C960 = {
						CreatedOnToolsVersion = 8.3.3;
						DevelopmentTeam = 8PTXTWHYQ8;
						LastSwiftMigration = 0830;
						ProvisioningStyle = Automatic;
					};
				};
			};
			buildConfigurationList = 8CDB6D4C1F04252A00D5C960 /* Build configuration list for PBXProject "EmojiKeyboard" */;
			compatibilityVersion = "Xcode 3.2";
			developmentRegion = English;
			hasScannedForEncodings = 0;
			knownRegions = (
				en,
			);
			mainGroup = 8CDB6D481F04252A00D5C960;
			productRefGroup = 8CDB6D521F04252A00D5C960 /* Products */;
			projectDirPath = "";
			projectRoot = "";
			targets = (
				8CDB6D501F04252A00D5C960 /* EmojiKeyboard */,
			);
		};
/* End PBXProject section */

/* Begin PBXSourcesBuildPhase section */
		8CDB6D4D1F04252A00D5C960 /* Sources */ = {
			isa = PBXSourcesBuildPhase;
			buildActionMask = 2147483647;
			files = (
				8CDB6D651F0425BF00D5C960 /* RNEmojiKeyboardBridge.m in Sources */,
				8CDB6D641F0425BF00D5C960 /* ISEmojiView.swift in Sources */,
				8CDB6D661F0425BF00D5C960 /* RNEmojiKeyboardManager.swift in Sources */,
			);
			runOnlyForDeploymentPostprocessing = 0;
		};
/* End PBXSourcesBuildPhase section */

/* Begin XCBuildConfiguration section */
		8CDB6D581F04252A00D5C960 /* Debug */ = {
			isa = XCBuildConfiguration;
			buildSettings = {
				ALWAYS_SEARCH_USER_PATHS = NO;
				CLANG_ANALYZER_NONNULL = YES;
				CLANG_ANALYZER_NUMBER_OBJECT_CONVERSION = YES_AGGRESSIVE;
				CLANG_CXX_LANGUAGE_STANDARD = "gnu++0x";
				CLANG_CXX_LIBRARY = "libc++";
				CLANG_ENABLE_MODULES = YES;
				CLANG_ENABLE_OBJC_ARC = YES;
				CLANG_WARN_BOOL_CONVERSION = YES;
				CLANG_WARN_CONSTANT_CONVERSION = YES;
				CLANG_WARN_DIRECT_OBJC_ISA_USAGE = YES_ERROR;
				CLANG_WARN_DOCUMENTATION_COMMENTS = YES;
				CLANG_WARN_EMPTY_BODY = YES;
				CLANG_WARN_ENUM_CONVERSION = YES;
				CLANG_WARN_INFINITE_RECURSION = YES;
				CLANG_WARN_INT_CONVERSION = YES;
				CLANG_WARN_OBJC_ROOT_CLASS = YES_ERROR;
				CLANG_WARN_SUSPICIOUS_MOVE = YES;
				CLANG_WARN_UNREACHABLE_CODE = YES;
				CLANG_WARN__DUPLICATE_METHOD_MATCH = YES;
				"CODE_SIGN_IDENTITY[sdk=iphoneos*]" = "iPhone Developer";
				COPY_PHASE_STRIP = NO;
				DEBUG_INFORMATION_FORMAT = dwarf;
				ENABLE_STRICT_OBJC_MSGSEND = YES;
				ENABLE_TESTABILITY = YES;
				GCC_C_LANGUAGE_STANDARD = gnu99;
				GCC_DYNAMIC_NO_PIC = NO;
				GCC_NO_COMMON_BLOCKS = YES;
				GCC_OPTIMIZATION_LEVEL = 0;
				GCC_PREPROCESSOR_DEFINITIONS = (
					"DEBUG=1",
					"$(inherited)",
				);
				GCC_WARN_64_TO_32_BIT_CONVERSION = YES;
				GCC_WARN_ABOUT_RETURN_TYPE = YES_ERROR;
				GCC_WARN_UNDECLARED_SELECTOR = YES;
				GCC_WARN_UNINITIALIZED_AUTOS = YES_AGGRESSIVE;
				GCC_WARN_UNUSED_FUNCTION = YES;
				GCC_WARN_UNUSED_VARIABLE = YES;
				IPHONEOS_DEPLOYMENT_TARGET = 10.3;
				MTL_ENABLE_DEBUG_INFO = YES;
				ONLY_ACTIVE_ARCH = YES;
				SDKROOT = iphoneos;
			};
			name = Debug;
		};
		8CDB6D591F04252A00D5C960 /* Release */ = {
			isa = XCBuildConfiguration;
			buildSettings = {
				ALWAYS_SEARCH_USER_PATHS = NO;
				CLANG_ANALYZER_NONNULL = YES;
				CLANG_ANALYZER_NUMBER_OBJECT_CONVERSION = YES_AGGRESSIVE;
				CLANG_CXX_LANGUAGE_STANDARD = "gnu++0x";
				CLANG_CXX_LIBRARY = "libc++";
				CLANG_ENABLE_MODULES = YES;
				CLANG_ENABLE_OBJC_ARC = YES;
				CLANG_WARN_BOOL_CONVERSION = YES;
				CLANG_WARN_CONSTANT_CONVERSION = YES;
				CLANG_WARN_DIRECT_OBJC_ISA_USAGE = YES_ERROR;
				CLANG_WARN_DOCUMENTATION_COMMENTS = YES;
				CLANG_WARN_EMPTY_BODY = YES;
				CLANG_WARN_ENUM_CONVERSION = YES;
				CLANG_WARN_INFINITE_RECURSION = YES;
				CLANG_WARN_INT_CONVERSION = YES;
				CLANG_WARN_OBJC_ROOT_CLASS = YES_ERROR;
				CLANG_WARN_SUSPICIOUS_MOVE = YES;
				CLANG_WARN_UNREACHABLE_CODE = YES;
				CLANG_WARN__DUPLICATE_METHOD_MATCH = YES;
				"CODE_SIGN_IDENTITY[sdk=iphoneos*]" = "iPhone Developer";
				COPY_PHASE_STRIP = NO;
				DEBUG_INFORMATION_FORMAT = "dwarf-with-dsym";
				ENABLE_NS_ASSERTIONS = NO;
				ENABLE_STRICT_OBJC_MSGSEND = YES;
				GCC_C_LANGUAGE_STANDARD = gnu99;
				GCC_NO_COMMON_BLOCKS = YES;
				GCC_WARN_64_TO_32_BIT_CONVERSION = YES;
				GCC_WARN_ABOUT_RETURN_TYPE = YES_ERROR;
				GCC_WARN_UNDECLARED_SELECTOR = YES;
				GCC_WARN_UNINITIALIZED_AUTOS = YES_AGGRESSIVE;
				GCC_WARN_UNUSED_FUNCTION = YES;
				GCC_WARN_UNUSED_VARIABLE = YES;
				IPHONEOS_DEPLOYMENT_TARGET = 10.3;
				MTL_ENABLE_DEBUG_INFO = NO;
				SDKROOT = iphoneos;
				VALIDATE_PRODUCT = YES;
			};
			name = Release;
		};
		8CDB6D5B1F04252A00D5C960 /* Debug */ = {
			isa = XCBuildConfiguration;
			buildSettings = {
				CLANG_ENABLE_MODULES = YES;
				DEVELOPMENT_TEAM = 8PTXTWHYQ8;
				LD_RUNPATH_SEARCH_PATHS = "$(inherited) @executable_path/Frameworks @loader_path/Frameworks";
				OTHER_LDFLAGS = "-ObjC";
				PRODUCT_NAME = "$(TARGET_NAME)";
				SKIP_INSTALL = YES;
				SWIFT_OBJC_BRIDGING_HEADER = "EmojiKeyboard/EmojiKeyboard-Bridging-Header.h";
				SWIFT_OPTIMIZATION_LEVEL = "-Onone";
				SWIFT_VERSION = 3.0;
			};
			name = Debug;
		};
		8CDB6D5C1F04252A00D5C960 /* Release */ = {
			isa = XCBuildConfiguration;
			buildSettings = {
				CLANG_ENABLE_MODULES = YES;
				DEVELOPMENT_TEAM = 8PTXTWHYQ8;
				LD_RUNPATH_SEARCH_PATHS = "$(inherited) @executable_path/Frameworks @loader_path/Frameworks";
				OTHER_LDFLAGS = "-ObjC";
				PRODUCT_NAME = "$(TARGET_NAME)";
				SKIP_INSTALL = YES;
				SWIFT_OBJC_BRIDGING_HEADER = "EmojiKeyboard/EmojiKeyboard-Bridging-Header.h";
				SWIFT_VERSION = 3.0;
			};
			name = Release;
		};
/* End XCBuildConfiguration section */

/* Begin XCConfigurationList section */
		8CDB6D4C1F04252A00D5C960 /* Build configuration list for PBXProject "EmojiKeyboard" */ = {
			isa = XCConfigurationList;
			buildConfigurations = (
				8CDB6D581F04252A00D5C960 /* Debug */,
				8CDB6D591F04252A00D5C960 /* Release */,
			);
			defaultConfigurationIsVisible = 0;
			defaultConfigurationName = Release;
		};
		8CDB6D5A1F04252A00D5C960 /* Build configuration list for PBXNativeTarget "EmojiKeyboard" */ = {
			isa = XCConfigurationList;
			buildConfigurations = (
				8CDB6D5B1F04252A00D5C960 /* Debug */,
				8CDB6D5C1F04252A00D5C960 /* Release */,
			);
			defaultConfigurationIsVisible = 0;
			defaultConfigurationName = Release;
		};
/* End XCConfigurationList section */
	};
	rootObject = 8CDB6D491F04252A00D5C960 /* Project object */;
}
